
Microsoft Visual Studio Solution File, Format Version 12.00
# Visual Studio Version 17
VisualStudioVersion = 17.2.32630.192
MinimumVisualStudioVersion = 10.0.40219.1
Project("{9A19103F-16F7-4668-BE54-9A1E7A4F7556}") = "3.2P", "3.2P.csproj", "{20C9849E-4F2E-4F33-B4DD-0226861FC13A}"
EndProject
Global
	GlobalSection(SolutionConfigurationPlatforms) = preSolution
		Debug|Any CPU = Debug|Any CPU
		Release|Any CPU = Release|Any CPU
	EndGlobalSection
	GlobalSection(ProjectConfigurationPlatforms) = postSolution
		{20C9849E-4F2E-4F33-B4DD-0226861FC13A}.Debug|Any CPU.ActiveCfg = Debug|Any CPU
		{20C9849E-4F2E-4F33-B4DD-0226861FC13A}.Debug|Any CPU.Build.0 = Debug|Any CPU
		{20C9849E-4F2E-4F33-B4DD-0226861FC13A}.Release|Any CPU.ActiveCfg = Release|Any CPU
		{20C9849E-4F2E-4F33-B4DD-0226861FC13A}.Release|Any CPU.Build.0 = Release|Any CPU
	EndGlobalSection
	GlobalSection(SolutionProperties) = preSolution
		HideSolutionNode = FALSE
	EndGlobalSection
	GlobalSection(ExtensibilityGlobals) = postSolution
		SolutionGuid = {83FD9602-D0D5-4465-91E9-AF98465FA70B}
	EndGlobalSection
EndGlobal
